{
  "name": "@blokker/responsive-style",
  "version": "1.0.0",
  "lockfileVersion": 2,
  "requires": true,
  "packages": {
    "": {
      "name": "@blokker/responsive-style",
      "version": "1.0.0",
      "license": "ISC",
      "dependencies": {
        "csstype": "^3.0.9"
      },
      "devDependencies": {
        "@types/jest": "^27.0.2",
        "jest": "^27.2.4",
        "ts-jest": "^27.0.5",
        "typescript": "^4.4.3"
      }
    },
    "../../node_modules/.pnpm/@types+jest@27.0.2/node_modules/@types/jest": {
      "version": "27.0.2",
      "dev": true,
      "license": "MIT",
      "dependencies": {
        "jest-diff": "^27.0.0",
        "pretty-format": "^27.0.0"
      }
    },
    "../../node_modules/.pnpm/csstype@3.0.9/node_modules/csstype": {
      "version": "3.0.9",
      "license": "MIT",
      "devDependencies": {
        "@types/chokidar": "^2.1.3",
        "@types/jest": "^27.0.1",
        "@types/jsdom": "^16.2.13",
        "@types/node": "^16.9.1",
        "@types/prettier": "^2.3.2",
        "@types/request": "^2.48.7",
        "@types/turndown": "^5.0.1",
        "@typescript-eslint/eslint-plugin": "^4.31.0",
        "@typescript-eslint/parser": "^4.31.0",
        "chalk": "^4.1.2",
        "chokidar": "^3.5.2",
        "eslint": "^7.32.0",
        "eslint-config-prettier": "^8.3.0",
        "eslint-plugin-prettier": "^4.0.0",
        "fast-glob": "^3.2.7",
        "flow-bin": "^0.159.0",
        "jest": "^27.2.0",
        "jsdom": "^17.0.0",
        "mdn-browser-compat-data": "git+https://github.com/mdn/browser-compat-data.git#9660656bb7acc7eee075d2b1ee589cbc2d8da1d0",
        "mdn-data": "git+https://github.com/mdn/data.git#46942543a1ca2160b85a19e55dfcb33a964daecc",
        "prettier": "^2.4.0",
        "request": "^2.88.2",
        "ts-jest": "^27.0.5",
        "ts-node": "^10.2.1",
        "turndown": "^7.1.1",
        "typescript": "~4.4.3"
      }
    },
    "../../node_modules/.pnpm/jest@27.2.4/node_modules/jest": {
      "version": "27.2.4",
      "dev": true,
      "license": "MIT",
      "dependencies": {
        "@jest/core": "^27.2.4",
        "import-local": "^3.0.2",
        "jest-cli": "^27.2.4"
      },
      "bin": {
        "jest": "bin/jest.js"
      },
      "engines": {
        "node": "^10.13.0 || ^12.13.0 || ^14.15.0 || >=15.0.0"
      },
      "peerDependencies": {
        "node-notifier": "^8.0.1 || ^9.0.0 || ^10.0.0"
      },
      "peerDependenciesMeta": {
        "node-notifier": {
          "optional": true
        }
      }
    },
    "../../node_modules/.pnpm/ts-jest@27.0.5_52a571d76319e63aeaa66dc9db9e90cc/node_modules/ts-jest": {
      "version": "27.0.5",
      "dev": true,
      "license": "MIT",
      "dependencies": {
        "bs-logger": "0.x",
        "fast-json-stable-stringify": "2.x",
        "jest-util": "^27.0.0",
        "json5": "2.x",
        "lodash": "4.x",
        "make-error": "1.x",
        "semver": "7.x",
        "yargs-parser": "20.x"
      },
      "bin": {
        "ts-jest": "cli.js"
      },
      "devDependencies": {
        "@commitlint/cli": "13.x",
        "@commitlint/config-angular": "^13.1.0",
        "@jest/transform": "^27.0.0",
        "@jest/types": "^27.0.0",
        "@types/babel__core": "7.x",
        "@types/cross-spawn": "latest",
        "@types/fs-extra": "latest",
        "@types/jest": "latest",
        "@types/js-yaml": "latest",
        "@types/lodash": "4.x",
        "@types/micromatch": "4.x",
        "@types/node": "16.6.1",
        "@types/node-fetch": "^2.5.8",
        "@types/react": "17.x",
        "@types/semver": "latest",
        "@types/yargs": "latest",
        "@types/yargs-parser": "20.x",
        "@typescript-eslint/eslint-plugin": "4.x",
        "@typescript-eslint/parser": "4.x",
        "conventional-changelog-cli": "2.x",
        "cross-spawn": "latest",
        "eslint": "7.x",
        "eslint-config-prettier": "latest",
        "eslint-plugin-import": "latest",
        "eslint-plugin-jest": "latest",
        "eslint-plugin-jsdoc": "latest",
        "eslint-plugin-prefer-arrow": "latest",
        "eslint-plugin-prettier": "latest",
        "execa": "latest",
        "fs-extra": "10.x",
        "glob": "^7.1.7",
        "glob-gitignore": "latest",
        "husky": "4.x",
        "jest": "^27.0.0",
        "js-yaml": "latest",
        "json-schema-to-typescript": "^10.1.4",
        "lint-staged": "latest",
        "node-fetch": "^2.6.1",
        "npm-run-all": "latest",
        "prettier": "2.3.2",
        "source-map": "latest",
        "typescript": "~4.2.4"
      },
      "engines": {
        "node": "^10.13.0 || ^12.13.0 || ^14.15.0 || >=15.0.0"
      },
      "peerDependencies": {
        "@babel/core": ">=7.0.0-beta.0 <8",
        "@types/jest": "^27.0.0",
        "babel-jest": ">=27.0.0 <28",
        "jest": "^27.0.0",
        "typescript": ">=3.8 <5.0"
      },
      "peerDependenciesMeta": {
        "@babel/core": {
          "optional": true
        },
        "@types/jest": {
          "optional": true
        },
        "babel-jest": {
          "optional": true
        }
      }
    },
    "../../node_modules/.pnpm/typescript@4.4.3/node_modules/typescript": {
      "version": "4.4.3",
      "dev": true,
      "license": "Apache-2.0",
      "bin": {
        "tsc": "bin/tsc",
        "tsserver": "bin/tsserver"
      },
      "devDependencies": {
        "@octokit/rest": "latest",
        "@types/browserify": "latest",
        "@types/chai": "latest",
        "@types/convert-source-map": "latest",
        "@types/glob": "latest",
        "@types/gulp": "^4.0.5",
        "@types/gulp-concat": "latest",
        "@types/gulp-newer": "latest",
        "@types/gulp-rename": "0.0.33",
        "@types/gulp-sourcemaps": "0.0.32",
        "@types/jake": "latest",
        "@types/merge2": "latest",
        "@types/microsoft__typescript-etw": "latest",
        "@types/minimatch": "latest",
        "@types/minimist": "latest",
        "@types/mkdirp": "latest",
        "@types/mocha": "latest",
        "@types/ms": "latest",
        "@types/node": "latest",
        "@types/node-fetch": "^2.3.4",
        "@types/q": "latest",
        "@types/source-map-support": "latest",
        "@types/through2": "latest",
        "@types/xml2js": "^0.4.0",
        "@typescript-eslint/eslint-plugin": "^4.28.0",
        "@typescript-eslint/experimental-utils": "^4.28.0",
        "@typescript-eslint/parser": "^4.28.0",
        "async": "latest",
        "azure-devops-node-api": "^10.1.0",
        "browser-resolve": "^1.11.2",
        "browserify": "latest",
        "chai": "latest",
        "chalk": "latest",
        "convert-source-map": "latest",
        "del": "5.1.0",
        "diff": "^4.0.2",
        "eslint": "7.12.1",
        "eslint-formatter-autolinkable-stylish": "1.1.4",
        "eslint-plugin-import": "2.22.1",
        "eslint-plugin-jsdoc": "30.7.6",
        "eslint-plugin-no-null": "1.0.2",
        "fancy-log": "latest",
        "fs-extra": "^9.0.0",
        "glob": "latest",
        "gulp": "^4.0.0",
        "gulp-concat": "latest",
        "gulp-insert": "latest",
        "gulp-newer": "latest",
        "gulp-rename": "latest",
        "gulp-sourcemaps": "latest",
        "istanbul": "latest",
        "merge2": "latest",
        "minimist": "latest",
        "mkdirp": "latest",
        "mocha": "latest",
        "mocha-fivemat-progress-reporter": "latest",
        "ms": "latest",
        "node-fetch": "^2.6.0",
        "plugin-error": "latest",
        "pretty-hrtime": "^1.0.3",
        "prex": "^0.4.3",
        "q": "latest",
        "remove-internal": "^2.9.2",
        "source-map-support": "latest",
        "through2": "latest",
        "typescript": "^4.2.3",
        "vinyl": "latest",
        "vinyl-sourcemaps-apply": "latest",
        "xml2js": "^0.4.19"
      },
      "engines": {
        "node": ">=4.2.0"
      }
    },
    "node_modules/@types/jest": {
      "resolved": "../../node_modules/.pnpm/@types+jest@27.0.2/node_modules/@types/jest",
      "link": true
    },
    "node_modules/csstype": {
      "resolved": "../../node_modules/.pnpm/csstype@3.0.9/node_modules/csstype",
      "link": true
    },
    "node_modules/jest": {
      "resolved": "../../node_modules/.pnpm/jest@27.2.4/node_modules/jest",
      "link": true
    },
    "node_modules/ts-jest": {
      "resolved": "../../node_modules/.pnpm/ts-jest@27.0.5_52a571d76319e63aeaa66dc9db9e90cc/node_modules/ts-jest",
      "link": true
    },
    "node_modules/typescript": {
      "resolved": "../../node_modules/.pnpm/typescript@4.4.3/node_modules/typescript",
      "link": true
    }
  },
  "dependencies": {
    "@types/jest": {
      "version": "file:../../node_modules/.pnpm/@types+jest@27.0.2/node_modules/@types/jest",
      "requires": {
        "jest-diff": "^27.0.0",
        "pretty-format": "^27.0.0"
      }
    },
    "csstype": {
      "version": "file:../../node_modules/.pnpm/csstype@3.0.9/node_modules/csstype",
      "requires": {
        "@types/chokidar": "^2.1.3",
        "@types/jest": "^27.0.1",
        "@types/jsdom": "^16.2.13",
        "@types/node": "^16.9.1",
        "@types/prettier": "^2.3.2",
        "@types/request": "^2.48.7",
        "@types/turndown": "^5.0.1",
        "@typescript-eslint/eslint-plugin": "^4.31.0",
        "@typescript-eslint/parser": "^4.31.0",
        "chalk": "^4.1.2",
        "chokidar": "^3.5.2",
        "eslint": "^7.32.0",
        "eslint-config-prettier": "^8.3.0",
        "eslint-plugin-prettier": "^4.0.0",
        "fast-glob": "^3.2.7",
        "flow-bin": "^0.159.0",
        "jest": "^27.2.0",
        "jsdom": "^17.0.0",
        "mdn-browser-compat-data": "git+https://github.com/mdn/browser-compat-data.git#9660656bb7acc7eee075d2b1ee589cbc2d8da1d0",
        "mdn-data": "git+https://github.com/mdn/data.git#46942543a1ca2160b85a19e55dfcb33a964daecc",
        "prettier": "^2.4.0",
        "request": "^2.88.2",
        "ts-jest": "^27.0.5",
        "ts-node": "^10.2.1",
        "turndown": "^7.1.1",
        "typescript": "~4.4.3"
      }
    },
    "jest": {
      "version": "file:../../node_modules/.pnpm/jest@27.2.4/node_modules/jest",
      "requires": {
        "@jest/core": "^27.2.4",
        "import-local": "^3.0.2",
        "jest-cli": "^27.2.4"
      }
    },
    "ts-jest": {
      "version": "file:../../node_modules/.pnpm/ts-jest@27.0.5_52a571d76319e63aeaa66dc9db9e90cc/node_modules/ts-jest",
      "requires": {
        "@commitlint/cli": "13.x",
        "@commitlint/config-angular": "^13.1.0",
        "@jest/transform": "^27.0.0",
        "@jest/types": "^27.0.0",
        "@types/babel__core": "7.x",
        "@types/cross-spawn": "latest",
        "@types/fs-extra": "latest",
        "@types/jest": "latest",
        "@types/js-yaml": "latest",
        "@types/lodash": "4.x",
        "@types/micromatch": "4.x",
        "@types/node": "16.6.1",
        "@types/node-fetch": "^2.5.8",
        "@types/react": "17.x",
        "@types/semver": "latest",
        "@types/yargs": "latest",
        "@types/yargs-parser": "20.x",
        "@typescript-eslint/eslint-plugin": "4.x",
        "@typescript-eslint/parser": "4.x",
        "bs-logger": "0.x",
        "conventional-changelog-cli": "2.x",
        "cross-spawn": "latest",
        "eslint": "7.x",
        "eslint-config-prettier": "latest",
        "eslint-plugin-import": "latest",
        "eslint-plugin-jest": "latest",
        "eslint-plugin-jsdoc": "latest",
        "eslint-plugin-prefer-arrow": "latest",
        "eslint-plugin-prettier": "latest",
        "execa": "latest",
        "fast-json-stable-stringify": "2.x",
        "fs-extra": "10.x",
        "glob": "^7.1.7",
        "glob-gitignore": "latest",
        "husky": "4.x",
        "jest": "^27.0.0",
        "jest-util": "^27.0.0",
        "js-yaml": "latest",
        "json-schema-to-typescript": "^10.1.4",
        "json5": "2.x",
        "lint-staged": "latest",
        "lodash": "4.x",
        "make-error": "1.x",
        "node-fetch": "^2.6.1",
        "npm-run-all": "latest",
        "prettier": "2.3.2",
        "semver": "7.x",
        "source-map": "latest",
        "typescript": "~4.2.4",
        "yargs-parser": "20.x"
      }
    },
    "typescript": {
      "version": "file:../../node_modules/.pnpm/typescript@4.4.3/node_modules/typescript",
      "requires": {
        "@octokit/rest": "latest",
        "@types/browserify": "latest",
        "@types/chai": "latest",
        "@types/convert-source-map": "latest",
        "@types/glob": "latest",
        "@types/gulp": "^4.0.5",
        "@types/gulp-concat": "latest",
        "@types/gulp-newer": "latest",
        "@types/gulp-rename": "0.0.33",
        "@types/gulp-sourcemaps": "0.0.32",
        "@types/jake": "latest",
        "@types/merge2": "latest",
        "@types/microsoft__typescript-etw": "latest",
        "@types/minimatch": "latest",
        "@types/minimist": "latest",
        "@types/mkdirp": "latest",
        "@types/mocha": "latest",
        "@types/ms": "latest",
        "@types/node": "latest",
        "@types/node-fetch": "^2.3.4",
        "@types/q": "latest",
        "@types/source-map-support": "latest",
        "@types/through2": "latest",
        "@types/xml2js": "^0.4.0",
        "@typescript-eslint/eslint-plugin": "^4.28.0",
        "@typescript-eslint/experimental-utils": "^4.28.0",
        "@typescript-eslint/parser": "^4.28.0",
        "async": "latest",
        "azure-devops-node-api": "^10.1.0",
        "browser-resolve": "^1.11.2",
        "browserify": "latest",
        "chai": "latest",
        "chalk": "latest",
        "convert-source-map": "latest",
        "del": "5.1.0",
        "diff": "^4.0.2",
        "eslint": "7.12.1",
        "eslint-formatter-autolinkable-stylish": "1.1.4",
        "eslint-plugin-import": "2.22.1",
        "eslint-plugin-jsdoc": "30.7.6",
        "eslint-plugin-no-null": "1.0.2",
        "fancy-log": "latest",
        "fs-extra": "^9.0.0",
        "glob": "latest",
        "gulp": "^4.0.0",
        "gulp-concat": "latest",
        "gulp-insert": "latest",
        "gulp-newer": "latest",
        "gulp-rename": "latest",
        "gulp-sourcemaps": "latest",
        "istanbul": "latest",
        "merge2": "latest",
        "minimist": "latest",
        "mkdirp": "latest",
        "mocha": "latest",
        "mocha-fivemat-progress-reporter": "latest",
        "ms": "latest",
        "node-fetch": "^2.6.0",
        "plugin-error": "latest",
        "pretty-hrtime": "^1.0.3",
        "prex": "^0.4.3",
        "q": "latest",
        "remove-internal": "^2.9.2",
        "source-map-support": "latest",
        "through2": "latest",
        "typescript": "^4.2.3",
        "vinyl": "latest",
        "vinyl-sourcemaps-apply": "latest",
        "xml2js": "^0.4.19"
      }
    }
  }
}
